# This file is automatically @generated by Cargo.
# It is not intended for manual editing.
[[package]]
name = "aligned"
version = "0.3.4"
source = "registry+https://github.com/rust-lang/crates.io-index"
checksum = "c19796bd8d477f1a9d4ac2465b464a8b1359474f06a96bb3cda650b4fca309bf"
dependencies = [
 "as-slice",
]

[[package]]
name = "arraydeque"
version = "0.4.5"
source = "registry+https://github.com/rust-lang/crates.io-index"
checksum = "f0ffd3d69bd89910509a5d31d1f1353f38ccffdd116dd0099bbd6627f7bd8ad8"

[[package]]
name = "as-slice"
version = "0.1.3"
source = "registry+https://github.com/rust-lang/crates.io-index"
checksum = "37dfb65bc03b2bc85ee827004f14a6817e04160e3b1a28931986a666a9290e70"
dependencies = [
 "generic-array 0.12.3",
 "generic-array 0.13.2",
 "stable_deref_trait",
]

[[package]]
name = "autocfg"
version = "1.0.1"
source = "registry+https://github.com/rust-lang/crates.io-index"
checksum = "cdb031dd78e28731d87d56cc8ffef4a8f36ca26c38fe2de700543e627f8a464a"

[[package]]
name = "bare-metal"
version = "0.2.5"
source = "registry+https://github.com/rust-lang/crates.io-index"
checksum = "5deb64efa5bd81e31fcd1938615a6d98c82eafcbcd787162b6f63b91d6bac5b3"
dependencies = [
 "rustc_version",
]

[[package]]
name = "bitfield"
version = "0.13.2"
source = "registry+https://github.com/rust-lang/crates.io-index"
checksum = "46afbd2983a5d5a7bd740ccb198caf5b82f45c40c09c0eed36052d91cb92e719"

[[package]]
name = "byteorder"
version = "1.3.4"
source = "registry+https://github.com/rust-lang/crates.io-index"
checksum = "08c48aae112d48ed9f069b33538ea9e3e90aa263cfa3d1c24309612b1f7472de"

[[package]]
name = "cast"
version = "0.2.3"
source = "registry+https://github.com/rust-lang/crates.io-index"
checksum = "4b9434b9a5aa1450faa3f9cb14ea0e8c53bb5d2b3c1bfd1ab4fc03e9f33fbfb0"
dependencies = [
 "rustc_version",
]

[[package]]
name = "cortex-m"
version = "0.6.3"
source = "registry+https://github.com/rust-lang/crates.io-index"
checksum = "2be99930c99669a74d986f7fd2162085498b322e6daae8ef63a97cc9ac1dc73c"
dependencies = [
 "aligned",
 "bare-metal",
 "bitfield",
 "volatile-register",
]

[[package]]
name = "cortex-m-rt"
version = "0.6.13"
source = "registry+https://github.com/rust-lang/crates.io-index"
checksum = "980c9d0233a909f355ed297ef122f257942de5e0a2cb1c39f60684b65bcb90fb"
dependencies = [
 "cortex-m-rt-macros",
 "r0",
]

[[package]]
name = "cortex-m-rt-macros"
version = "0.1.8"
source = "registry+https://github.com/rust-lang/crates.io-index"
checksum = "4717562afbba06e760d34451919f5c3bf3ac15c7bb897e8b04862a7428378647"
dependencies = [
 "proc-macro2",
 "quote",
 "syn",
]

[[package]]
name = "cortex-m-rtic"
version = "0.5.5"
source = "registry+https://github.com/rust-lang/crates.io-index"
checksum = "b30efcb6b7920d9016182c485687f0012487032a14c415d2fce6e9862ef8260e"
dependencies = [
 "cortex-m",
 "cortex-m-rt",
 "cortex-m-rtic-macros",
 "heapless",
 "rtic-core",
 "version_check",
]

[[package]]
name = "cortex-m-rtic-macros"
version = "0.5.2"
source = "registry+https://github.com/rust-lang/crates.io-index"
checksum = "9a1a6a4c9550373038c0e21a78d44d529bd697c25bbf6b8004bddc6e63b119c7"
dependencies = [
 "proc-macro2",
 "quote",
 "rtic-syntax",
 "syn",
]

[[package]]
name = "either"
version = "1.6.0"
source = "registry+https://github.com/rust-lang/crates.io-index"
checksum = "cd56b59865bce947ac5958779cfa508f6c3b9497cc762b7e24a12d11ccde2c4f"

[[package]]
name = "embedded-hal"
version = "0.2.4"
source = "registry+https://github.com/rust-lang/crates.io-index"
checksum = "fa998ce59ec9765d15216393af37a58961ddcefb14c753b4816ba2191d865fcb"
dependencies = [
 "nb 0.1.3",
 "void",
]

[[package]]
name = "generic-array"
version = "0.12.3"
source = "registry+https://github.com/rust-lang/crates.io-index"
checksum = "c68f0274ae0e023facc3c97b2e00f076be70e254bc851d972503b328db79b2ec"
dependencies = [
 "typenum",
]

[[package]]
name = "generic-array"
version = "0.13.2"
source = "registry+https://github.com/rust-lang/crates.io-index"
checksum = "0ed1e761351b56f54eb9dcd0cfaca9fd0daecf93918e1cfc01c8a3d26ee7adcd"
dependencies = [
 "typenum",
]

[[package]]
name = "hash32"
version = "0.1.1"
source = "registry+https://github.com/rust-lang/crates.io-index"
checksum = "d4041af86e63ac4298ce40e5cca669066e75b6f1aa3390fe2561ffa5e1d9f4cc"
dependencies = [
 "byteorder",
]

[[package]]
name = "hashbrown"
version = "0.9.0"
source = "registry+https://github.com/rust-lang/crates.io-index"
checksum = "00d63df3d41950fb462ed38308eea019113ad1508da725bbedcd0fa5a85ef5f7"

[[package]]
name = "heapless"
version = "0.5.5"
source = "registry+https://github.com/rust-lang/crates.io-index"
checksum = "73a8a2391a3bc70b31f60e7a90daa5755a360559c0b6b9c5cfc0fee482362dc0"
dependencies = [
 "as-slice",
 "generic-array 0.13.2",
 "hash32",
 "stable_deref_trait",
]

[[package]]
name = "indexmap"
version = "1.6.0"
source = "registry+https://github.com/rust-lang/crates.io-index"
checksum = "55e2e4c765aa53a0424761bf9f41aa7a6ac1efa87238f59560640e27fca028f2"
dependencies = [
 "autocfg",
 "hashbrown",
]

[[package]]
name = "keyberon"
version = "0.1.0"
source = "registry+https://github.com/rust-lang/crates.io-index"
checksum = "f5843cde0a79eac15ef43871ad8ea0ed9c721c05cd02ee44e811836735a520e8"
dependencies = [
 "arraydeque",
 "either",
 "embedded-hal",
 "generic-array 0.13.2",
 "heapless",
 "usb-device",
]

[[package]]
name = "keyseebee"
version = "0.1.0"
dependencies = [
 "cortex-m",
 "cortex-m-rt",
 "cortex-m-rtic",
 "embedded-hal",
 "generic-array 0.13.2",
 "keyberon",
 "nb 1.0.0",
 "panic-halt",
 "stm32f0xx-hal",
 "usb-device",
]

[[package]]
name = "nb"
version = "0.1.3"
source = "registry+https://github.com/rust-lang/crates.io-index"
checksum = "801d31da0513b6ec5214e9bf433a77966320625a37860f910be265be6e18d06f"
dependencies = [
 "nb 1.0.0",
]

[[package]]
name = "nb"
version = "1.0.0"
source = "registry+https://github.com/rust-lang/crates.io-index"
checksum = "546c37ac5d9e56f55e73b677106873d9d9f5190605e41a856503623648488cae"

[[package]]
name = "panic-halt"
version = "0.2.0"
source = "registry+https://github.com/rust-lang/crates.io-index"
checksum = "de96540e0ebde571dc55c73d60ef407c653844e6f9a1e2fdbd40c07b9252d812"

[[package]]
name = "proc-macro2"
version = "1.0.21"
source = "registry+https://github.com/rust-lang/crates.io-index"
checksum = "36e28516df94f3dd551a587da5357459d9b36d945a7c37c3557928c1c2ff2a2c"
dependencies = [
 "unicode-xid",
]

[[package]]
name = "quote"
version = "1.0.7"
source = "registry+https://github.com/rust-lang/crates.io-index"
checksum = "aa563d17ecb180e500da1cfd2b028310ac758de548efdd203e18f283af693f37"
dependencies = [
 "proc-macro2",
]

[[package]]
name = "r0"
version = "0.2.2"
source = "registry+https://github.com/rust-lang/crates.io-index"
checksum = "e2a38df5b15c8d5c7e8654189744d8e396bddc18ad48041a500ce52d6948941f"

[[package]]
name = "rtic-core"
version = "0.3.0"
source = "registry+https://github.com/rust-lang/crates.io-index"
checksum = "ab51fe832317e805f869b3d859f91aadf855c2c3da51f9b84bc645c201597158"

[[package]]
name = "rtic-syntax"
version = "0.4.0"
source = "registry+https://github.com/rust-lang/crates.io-index"
checksum = "8152fcaa845720d61e6cc570548b89144c2c307f18a480bbd97e55e9f6eeff04"
dependencies = [
 "indexmap",
 "proc-macro2",
 "syn",
]

[[package]]
name = "rustc_version"
version = "0.2.3"
source = "registry+https://github.com/rust-lang/crates.io-index"
checksum = "138e3e0acb6c9fb258b19b67cb8abd63c00679d2851805ea151465464fe9030a"
dependencies = [
 "semver",
]

[[package]]
name = "semver"
version = "0.9.0"
source = "registry+https://github.com/rust-lang/crates.io-index"
checksum = "1d7eb9ef2c18661902cc47e535f9bc51b78acd254da71d375c2f6720d9a40403"
dependencies = [
 "semver-parser",
]

[[package]]
name = "semver-parser"
version = "0.7.0"
source = "registry+https://github.com/rust-lang/crates.io-index"
checksum = "388a1df253eca08550bef6c72392cfe7c30914bf41df5269b68cbd6ff8f570a3"

[[package]]
name = "stable_deref_trait"
version = "1.2.0"
source = "registry+https://github.com/rust-lang/crates.io-index"
checksum = "a8f112729512f8e442d81f95a8a7ddf2b7c6b8a1a6f509a95864142b30cab2d3"

[[package]]
name = "stm32-usbd"
version = "0.5.1"
source = "registry+https://github.com/rust-lang/crates.io-index"
checksum = "70d13eca735cae37df697f599777b000cc0ee924df8452f2b4bfaa6798ab0338"
dependencies = [
 "cortex-m",
 "usb-device",
 "vcell",
]

[[package]]
name = "stm32f0"
version = "0.11.0"
source = "registry+https://github.com/rust-lang/crates.io-index"
checksum = "9673b9c3ecdf8ea1133492f3070515d64f51e98439710eae062552fc80b94a6c"
dependencies = [
 "bare-metal",
 "cortex-m",
 "cortex-m-rt",
 "vcell",
]

[[package]]
name = "stm32f0xx-hal"
version = "0.17.1"
source = "registry+https://github.com/rust-lang/crates.io-index"
checksum = "a01836951a5eb4d322f31c63a30dcfcaec383f88d6d89cadb90311c00e564a3b"
dependencies = [
 "bare-metal",
 "cast",
 "cortex-m",
 "embedded-hal",
 "nb 0.1.3",
 "stm32-usbd",
 "stm32f0",
 "void",
]

[[package]]
name = "syn"
version = "1.0.40"
source = "registry+https://github.com/rust-lang/crates.io-index"
checksum = "963f7d3cc59b59b9325165add223142bbf1df27655d07789f109896d353d8350"
dependencies = [
 "proc-macro2",
 "quote",
 "unicode-xid",
]

[[package]]
name = "typenum"
version = "1.12.0"
source = "registry+https://github.com/rust-lang/crates.io-index"
checksum = "373c8a200f9e67a0c95e62a4f52fbf80c23b4381c05a17845531982fa99e6b33"

[[package]]
name = "unicode-xid"
version = "0.2.1"
source = "registry+https://github.com/rust-lang/crates.io-index"
checksum = "f7fe0bb3479651439c9112f72b6c505038574c9fbb575ed1bf3b797fa39dd564"

[[package]]
name = "usb-device"
version = "0.2.5"
source = "registry+https://github.com/rust-lang/crates.io-index"
checksum = "0e5e2b9ba23f0d9ef7a34e498b6581c9d67944a1916542bfc7238bf1dc0d6acd"

[[package]]
name = "vcell"
version = "0.1.2"
source = "registry+https://github.com/rust-lang/crates.io-index"
checksum = "876e32dcadfe563a4289e994f7cb391197f362b6315dc45e8ba4aa6f564a4b3c"

[[package]]
name = "version_check"
version = "0.9.2"
source = "registry+https://github.com/rust-lang/crates.io-index"
checksum = "b5a972e5669d67ba988ce3dc826706fb0a8b01471c088cb0b6110b805cc36aed"

[[package]]
name = "void"
version = "1.0.2"
source = "registry+https://github.com/rust-lang/crates.io-index"
checksum = "6a02e4885ed3bc0f2de90ea6dd45ebcbb66dacffe03547fadbb0eeae2770887d"

[[package]]
name = "volatile-register"
version = "0.2.0"
source = "registry+https://github.com/rust-lang/crates.io-index"
checksum = "0d67cb4616d99b940db1d6bd28844ff97108b498a6ca850e5b6191a532063286"
dependencies = [
 "vcell",
]
